
Microsoft Visual Studio Solution File, Format Version 12.00
# Visual Studio Version 16
VisualStudioVersion = 16.0.30320.27
MinimumVisualStudioVersion = 10.0.40219.1
Project("{FAE04EC0-301F-11D3-BF4B-00C04F79EFBC}") = "TuringMachine", "TuringMachine.csproj", "{CE2FBE82-D900-468C-962D-B7EFED82B1B7}"
EndProject
Global
	GlobalSection(SolutionConfigurationPlatforms) = preSolution
		Debug|Any CPU = Debug|Any CPU
		Release|Any CPU = Release|Any CPU
	EndGlobalSection
	GlobalSection(ProjectConfigurationPlatforms) = postSolution
		{CE2FBE82-D900-468C-962D-B7EFED82B1B7}.Debug|Any CPU.ActiveCfg = Debug|Any CPU
		{CE2FBE82-D900-468C-962D-B7EFED82B1B7}.Debug|Any CPU.Build.0 = Debug|Any CPU
		{CE2FBE82-D900-468C-962D-B7EFED82B1B7}.Release|Any CPU.ActiveCfg = Release|Any CPU
		{CE2FBE82-D900-468C-962D-B7EFED82B1B7}.Release|Any CPU.Build.0 = Release|Any CPU
	EndGlobalSection
	GlobalSection(SolutionProperties) = preSolution
		HideSolutionNode = FALSE
	EndGlobalSection
	GlobalSection(ExtensibilityGlobals) = postSolution
		SolutionGuid = {3237B317-C787-42E9-9B0E-13200768A324}
	EndGlobalSection
EndGlobal
